// !$*UTF8*$!
{
	archiveVersion = 1;
	classes = {
	};
	objectVersion = 46;
	objects = {

/* Begin PBXBuildFile section */
		8D58761E1D93910F004FC0AE /* AppDelegate.swift in Sources */ = {isa = PBXBuildFile; fileRef = 8D58761D1D93910F004FC0AE /* AppDelegate.swift */; };
		8D5876201D93910F004FC0AE /* ViewController.swift in Sources */ = {isa = PBXBuildFile; fileRef = 8D58761F1D93910F004FC0AE /* ViewController.swift */; };
		8D5876231D93910F004FC0AE /* Main.storyboard in Resources */ = {isa = PBXBuildFile; fileRef = 8D5876211D93910F004FC0AE /* Main.storyboard */; };
		8D5876251D93910F004FC0AE /* Assets.xcassets in Resources */ = {isa = PBXBuildFile; fileRef = 8D5876241D93910F004FC0AE /* Assets.xcassets */; };
		8D5876281D93910F004FC0AE /* LaunchScreen.storyboard in Resources */ = {isa = PBXBuildFile; fileRef = 8D5876261D93910F004FC0AE /* LaunchScreen.storyboard */; };
		8D5876301D939121004FC0AE /* UITableViewExtension.swift in Sources */ = {isa = PBXBuildFile; fileRef = 8D58762F1D939121004FC0AE /* UITableViewExtension.swift */; };
		8D5876321D939276004FC0AE /* Item.swift in Sources */ = {isa = PBXBuildFile; fileRef = 8D5876311D939276004FC0AE /* Item.swift */; };
		8D5876341D9392DC004FC0AE /* APIController.swift in Sources */ = {isa = PBXBuildFile; fileRef = 8D5876331D9392DC004FC0AE /* APIController.swift */; };
		8D5876361D939631004FC0AE /* APIService.swift in Sources */ = {isa = PBXBuildFile; fileRef = 8D5876351D939631004FC0AE /* APIService.swift */; };
		8D5876381D939755004FC0AE /* ItemCell.swift in Sources */ = {isa = PBXBuildFile; fileRef = 8D5876371D939755004FC0AE /* ItemCell.swift */; };
/* End PBXBuildFile section */

/* Begin PBXFileReference section */
		8D58761A1D93910F004FC0AE /* JustKeepLoading.app */ = {isa = PBXFileReference; explicitFileType = wrapper.application; includeInIndex = 0; path = JustKeepLoading.app; sourceTree = BUILT_PRODUCTS_DIR; };
		8D58761D1D93910F004FC0AE /* AppDelegate.swift */ = {isa = PBXFileReference; lastKnownFileType = sourcecode.swift; path = AppDelegate.swift; sourceTree = "<group>"; };
		8D58761F1D93910F004FC0AE /* ViewController.swift */ = {isa = PBXFileReference; lastKnownFileType = sourcecode.swift; path = ViewController.swift; sourceTree = "<group>"; };
		8D5876221D93910F004FC0AE /* Base */ = {isa = PBXFileReference; lastKnownFileType = file.storyboard; name = Base; path = Base.lproj/Main.storyboard; sourceTree = "<group>"; };
		8D5876241D93910F004FC0AE /* Assets.xcassets */ = {isa = PBXFileReference; lastKnownFileType = folder.assetcatalog; path = Assets.xcassets; sourceTree = "<group>"; };
		8D5876271D93910F004FC0AE /* Base */ = {isa = PBXFileReference; lastKnownFileType = file.storyboard; name = Base; path = Base.lproj/LaunchScreen.storyboard; sourceTree = "<group>"; };
		8D5876291D93910F004FC0AE /* Info.plist */ = {isa = PBXFileReference; lastKnownFileType = text.plist.xml; path = Info.plist; sourceTree = "<group>"; };
		8D58762F1D939121004FC0AE /* UITableViewExtension.swift */ = {isa = PBXFileReference; fileEncoding = 4; lastKnownFileType = sourcecode.swift; path = UITableViewExtension.swift; sourceTree = "<group>"; };
		8D5876311D939276004FC0AE /* Item.swift */ = {isa = PBXFileReference; fileEncoding = 4; lastKnownFileType = sourcecode.swift; path = Item.swift; sourceTree = "<group>"; };
		8D5876331D9392DC004FC0AE /* APIController.swift */ = {isa = PBXFileReference; fileEncoding = 4; lastKnownFileType = sourcecode.swift; path = APIController.swift; sourceTree = "<group>"; };
		8D5876351D939631004FC0AE /* APIService.swift */ = {isa = PBXFileReference; fileEncoding = 4; lastKnownFileType = sourcecode.swift; path = APIService.swift; sourceTree = "<group>"; };
		8D5876371D939755004FC0AE /* ItemCell.swift */ = {isa = PBXFileReference; fileEncoding = 4; lastKnownFileType = sourcecode.swift; path = ItemCell.swift; sourceTree = "<group>"; };
/* End PBXFileReference section */

/* Begin PBXFrameworksBuildPhase section */
		8D5876171D93910F004FC0AE /* Frameworks */ = {
			isa = PBXFrameworksBuildPhase;
			buildActionMask = 2147483647;
			files = (
			);
			runOnlyForDeploymentPostprocessing = 0;
		};
/* End PBXFrameworksBuildPhase section */

/* Begin PBXGroup section */
		8D5876111D93910F004FC0AE = {
			isa = PBXGroup;
			children = (
				8D58761C1D93910F004FC0AE /* JustKeepLoading */,
				8D58761B1D93910F004FC0AE /* Products */,
			);
			sourceTree = "<group>";
		};
		8D58761B1D93910F004FC0AE /* Products */ = {
			isa = PBXGroup;
			children = (
				8D58761A1D93910F004FC0AE /* JustKeepLoading.app */,
			);
			name = Products;
			sourceTree = "<group>";
		};
		8D58761C1D93910F004FC0AE /* JustKeepLoading */ = {
			isa = PBXGroup;
			children = (
				8D58761D1D93910F004FC0AE /* AppDelegate.swift */,
				8D5876351D939631004FC0AE /* APIService.swift */,
				8D5876331D9392DC004FC0AE /* APIController.swift */,
				8D5876211D93910F004FC0AE /* Main.storyboard */,
				8D5876371D939755004FC0AE /* ItemCell.swift */,
				8D58761F1D93910F004FC0AE /* ViewController.swift */,
				8D5876311D939276004FC0AE /* Item.swift */,
				8D58762F1D939121004FC0AE /* UITableViewExtension.swift */,
				8D5876261D93910F004FC0AE /* LaunchScreen.storyboard */,
				8D5876291D93910F004FC0AE /* Info.plist */,
				8D5876241D93910F004FC0AE /* Assets.xcassets */,
			);
			path = JustKeepLoading;
			sourceTree = "<group>";
		};
/* End PBXGroup section */

/* Begin PBXNativeTarget section */
		8D5876191D93910F004FC0AE /* JustKeepLoading */ = {
			isa = PBXNativeTarget;
			buildConfigurationList = 8D58762C1D93910F004FC0AE /* Build configuration list for PBXNativeTarget "JustKeepLoading" */;
			buildPhases = (
				8D5876161D93910F004FC0AE /* Sources */,
				8D5876171D93910F004FC0AE /* Frameworks */,
				8D5876181D93910F004FC0AE /* Resources */,
			);
			buildRules = (
			);
			dependencies = (
			);
			name = JustKeepLoading;
			productName = JustKeepLoading;
			productReference = 8D58761A1D93910F004FC0AE /* JustKeepLoading.app */;
			productType = "com.apple.product-type.application";
		};
/* End PBXNativeTarget section */

/* Begin PBXProject section */
		8D5876121D93910F004FC0AE /* Project object */ = {
			isa = PBXProject;
			attributes = {
				LastSwiftUpdateCheck = 0730;
				LastUpgradeCheck = 0730;
				ORGANIZATIONNAME = Jtribe;
				TargetAttributes = {
					8D5876191D93910F004FC0AE = {
						CreatedOnToolsVersion = 7.3.1;
					};
				};
			};
			buildConfigurationList = 8D5876151D93910F004FC0AE /* Build configuration list for PBXProject "JustKeepLoading" */;
			compatibilityVersion = "Xcode 3.2";
			developmentRegion = English;
			hasScannedForEncodings = 0;
			knownRegions = (
				en,
				Base,
			);
			mainGroup = 8D5876111D93910F004FC0AE;
			productRefGroup = 8D58761B1D93910F004FC0AE /* Products */;
			projectDirPath = "";
			projectRoot = "";
			targets = (
				8D5876191D93910F004FC0AE /* JustKeepLoading */,
			);
		};
/* End PBXProject section */

/* Begin PBXResourcesBuildPhase section */
		8D5876181D93910F004FC0AE /* Resources */ = {
			isa = PBXResourcesBuildPhase;
			buildActionMask = 2147483647;
			files = (
				8D5876281D93910F004FC0AE /* LaunchScreen.storyboard in Resources */,
				8D5876251D93910F004FC0AE /* Assets.xcassets in Resources */,
				8D5876231D93910F004FC0AE /* Main.storyboard in Resources */,
			);
			runOnlyForDeploymentPostprocessing = 0;
		};
/* End PBXResourcesBuildPhase section */

/* Begin PBXSourcesBuildPhase section */
		8D5876161D93910F004FC0AE /* Sources */ = {
			isa = PBXSourcesBuildPhase;
			buildActionMask = 2147483647;
			files = (
				8D5876321D939276004FC0AE /* Item.swift in Sources */,
				8D5876301D939121004FC0AE /* UITableViewExtension.swift in Sources */,
				8D5876201D93910F004FC0AE /* ViewController.swift in Sources */,
				8D58761E1D93910F004FC0AE /* AppDelegate.swift in Sources */,
				8D5876381D939755004FC0AE /* ItemCell.swift in Sources */,
				8D5876361D939631004FC0AE /* APIService.swift in Sources */,
				8D5876341D9392DC004FC0AE /* APIController.swift in Sources */,
			);
			runOnlyForDeploymentPostprocessing = 0;
		};
/* End PBXSourcesBuildPhase section */

/* Begin PBXVariantGroup section */
		8D5876211D93910F004FC0AE /* Main.storyboard */ = {
			isa = PBXVariantGroup;
			children = (
				8D5876221D93910F004FC0AE /* Base */,
			);
			name = Main.storyboard;
			sourceTree = "<group>";
		};
		8D5876261D93910F004FC0AE /* LaunchScreen.storyboard */ = {
			isa = PBXVariantGroup;
			children = (
				8D5876271D93910F004FC0AE /* Base */,
			);
			name = LaunchScreen.storyboard;
			sourceTree = "<group>";
		};
/* End PBXVariantGroup section */

/* Begin XCBuildConfiguration section */
		8D58762A1D93910F004FC0AE /* Debug */ = {
			isa = XCBuildConfiguration;
			buildSettings = {
				ALWAYS_SEARCH_USER_PATHS = NO;
				CLANG_ANALYZER_NONNULL = YES;
				CLANG_CXX_LANGUAGE_STANDARD = "gnu++0x";
				CLANG_CXX_LIBRARY = "libc++";
				CLANG_ENABLE_MODULES = YES;
				CLANG_ENABLE_OBJC_ARC = YES;
				CLANG_WARN_BOOL_CONVERSION = YES;
				CLANG_WARN_CONSTANT_CONVERSION = YES;
				CLANG_WARN_DIRECT_OBJC_ISA_USAGE = YES_ERROR;
				CLANG_WARN_EMPTY_BODY = YES;
				CLANG_WARN_ENUM_CONVERSION = YES;
				CLANG_WARN_INT_CONVERSION = YES;
				CLANG_WARN_OBJC_ROOT_CLASS = YES_ERROR;
				CLANG_WARN_UNREACHABLE_CODE = YES;
				CLANG_WARN__DUPLICATE_METHOD_MATCH = YES;
				"CODE_SIGN_IDENTITY[sdk=iphoneos*]" = "iPhone Developer";
				COPY_PHASE_STRIP = NO;
				DEBUG_INFORMATION_FORMAT = dwarf;
				ENABLE_STRICT_OBJC_MSGSEND = YES;
				ENABLE_TESTABILITY = YES;
				GCC_C_LANGUAGE_STANDARD = gnu99;
				GCC_DYNAMIC_NO_PIC = NO;
				GCC_NO_COMMON_BLOCKS = YES;
				GCC_OPTIMIZATION_LEVEL = 0;
				GCC_PREPROCESSOR_DEFINITIONS = (
					"DEBUG=1",
					"$(inherited)",
				);
				GCC_WARN_64_TO_32_BIT_CONVERSION = YES;
				GCC_WARN_ABOUT_RETURN_TYPE = YES_ERROR;
				GCC_WARN_UNDECLARED_SELECTOR = YES;
				GCC_WARN_UNINITIALIZED_AUTOS = YES_AGGRESSIVE;
				GCC_WARN_UNUSED_FUNCTION = YES;
				GCC_WARN_UNUSED_VARIABLE = YES;
				IPHONEOS_DEPLOYMENT_TARGET = 9.3;
				MTL_ENABLE_DEBUG_INFO = YES;
				ONLY_ACTIVE_ARCH = YES;
				SDKROOT = iphoneos;
				SWIFT_OPTIMIZATION_LEVEL = "-Onone";
			};
			name = Debug;
		};
		8D58762B1D93910F004FC0AE /* Release */ = {
			isa = XCBuildConfiguration;
			buildSettings = {
				ALWAYS_SEARCH_USER_PATHS = NO;
				CLANG_ANALYZER_NONNULL = YES;
				CLANG_CXX_LANGUAGE_STANDARD = "gnu++0x";
				CLANG_CXX_LIBRARY = "libc++";
				CLANG_ENABLE_MODULES = YES;
				CLANG_ENABLE_OBJC_ARC = YES;
				CLANG_WARN_BOOL_CONVERSION = YES;
				CLANG_WARN_CONSTANT_CONVERSION = YES;
				CLANG_WARN_DIRECT_OBJC_ISA_USAGE = YES_ERROR;
				CLANG_WARN_EMPTY_BODY = YES;
				CLANG_WARN_ENUM_CONVERSION = YES;
				CLANG_WARN_INT_CONVERSION = YES;
				CLANG_WARN_OBJC_ROOT_CLASS = YES_ERROR;
				CLANG_WARN_UNREACHABLE_CODE = YES;
				CLANG_WARN__DUPLICATE_METHOD_MATCH = YES;
				"CODE_SIGN_IDENTITY[sdk=iphoneos*]" = "iPhone Developer";
				COPY_PHASE_STRIP = NO;
				DEBUG_INFORMATION_FORMAT = "dwarf-with-dsym";
				ENABLE_NS_ASSERTIONS = NO;
				ENABLE_STRICT_OBJC_MSGSEND = YES;
				GCC_C_LANGUAGE_STANDARD = gnu99;
				GCC_NO_COMMON_BLOCKS = YES;
				GCC_WARN_64_TO_32_BIT_CONVERSION = YES;
				GCC_WARN_ABOUT_RETURN_TYPE = YES_ERROR;
				GCC_WARN_UNDECLARED_SELECTOR = YES;
				GCC_WARN_UNINITIALIZED_AUTOS = YES_AGGRESSIVE;
				GCC_WARN_UNUSED_FUNCTION = YES;
				GCC_WARN_UNUSED_VARIABLE = YES;
				IPHONEOS_DEPLOYMENT_TARGET = 9.3;
				MTL_ENABLE_DEBUG_INFO = NO;
				SDKROOT = iphoneos;
				VALIDATE_PRODUCT = YES;
			};
			name = Release;
		};
		8D58762D1D93910F004FC0AE /* Debug */ = {
			isa = XCBuildConfiguration;
			buildSettings = {
				ASSETCATALOG_COMPILER_APPICON_NAME = AppIcon;
				INFOPLIST_FILE = JustKeepLoading/Info.plist;
				LD_RUNPATH_SEARCH_PATHS = "$(inherited) @executable_path/Frameworks";
				PRODUCT_BUNDLE_IDENTIFIER = au.com.jtribe.JustKeepLoading;
				PRODUCT_NAME = "$(TARGET_NAME)";
			};
			name = Debug;
		};
		8D58762E1D93910F004FC0AE /* Release */ = {
			isa = XCBuildConfiguration;
			buildSettings = {
				ASSETCATALOG_COMPILER_APPICON_NAME = AppIcon;
				INFOPLIST_FILE = JustKeepLoading/Info.plist;
				LD_RUNPATH_SEARCH_PATHS = "$(inherited) @executable_path/Frameworks";
				PRODUCT_BUNDLE_IDENTIFIER = au.com.jtribe.JustKeepLoading;
				PRODUCT_NAME = "$(TARGET_NAME)";
			};
			name = Release;
		};
/* End XCBuildConfiguration section */

/* Begin XCConfigurationList section */
		8D5876151D93910F004FC0AE /* Build configuration list for PBXProject "JustKeepLoading" */ = {
			isa = XCConfigurationList;
			buildConfigurations = (
				8D58762A1D93910F004FC0AE /* Debug */,
				8D58762B1D93910F004FC0AE /* Release */,
			);
			defaultConfigurationIsVisible = 0;
			defaultConfigurationName = Release;
		};
		8D58762C1D93910F004FC0AE /* Build configuration list for PBXNativeTarget "JustKeepLoading" */ = {
			isa = XCConfigurationList;
			buildConfigurations = (
				8D58762D1D93910F004FC0AE /* Debug */,
				8D58762E1D93910F004FC0AE /* Release */,
			);
			defaultConfigurationIsVisible = 0;
		};
/* End XCConfigurationList section */
	};
	rootObject = 8D5876121D93910F004FC0AE /* Project object */;
}
